// !$*UTF8*$!
{
	archiveVersion = 1;
	classes = {
	};
	objectVersion = 48;
	objects = {

/* Begin PBXBuildFile section */
		0C8FADED0EAF03B91B49A346 /* Pods_ZhiLieHui.framework in Frameworks */ = {isa = PBXBuildFile; fileRef = C9F0CA91FCDCF4660D72745A /* Pods_ZhiLieHui.framework */; };
		EC0374A1205660FE00FEE3B0 /* AppDelegate.swift in Sources */ = {isa = PBXBuildFile; fileRef = EC0374A0205660FE00FEE3B0 /* AppDelegate.swift */; };
		EC0374A3205660FE00FEE3B0 /* ViewController.swift in Sources */ = {isa = PBXBuildFile; fileRef = EC0374A2205660FE00FEE3B0 /* ViewController.swift */; };
		EC0374A6205660FE00FEE3B0 /* Main.storyboard in Resources */ = {isa = PBXBuildFile; fileRef = EC0374A4205660FE00FEE3B0 /* Main.storyboard */; };
		EC0374A9205660FE00FEE3B0 /* ZhiLieHui.xcdatamodeld in Sources */ = {isa = PBXBuildFile; fileRef = EC0374A7205660FE00FEE3B0 /* ZhiLieHui.xcdatamodeld */; };
		EC0374AB205660FE00FEE3B0 /* Assets.xcassets in Resources */ = {isa = PBXBuildFile; fileRef = EC0374AA205660FE00FEE3B0 /* Assets.xcassets */; };
		EC0374AE205660FE00FEE3B0 /* LaunchScreen.storyboard in Resources */ = {isa = PBXBuildFile; fileRef = EC0374AC205660FE00FEE3B0 /* LaunchScreen.storyboard */; };
		EC0374B9205660FE00FEE3B0 /* ZhiLieHuiTests.swift in Sources */ = {isa = PBXBuildFile; fileRef = EC0374B8205660FE00FEE3B0 /* ZhiLieHuiTests.swift */; };
		EC0374C4205660FE00FEE3B0 /* ZhiLieHuiUITests.swift in Sources */ = {isa = PBXBuildFile; fileRef = EC0374C3205660FE00FEE3B0 /* ZhiLieHuiUITests.swift */; };
		EC089BF320575E2000FEA703 /* Login.storyboard in Resources */ = {isa = PBXBuildFile; fileRef = EC089BF220575E2000FEA703 /* Login.storyboard */; };
		EC089BF520575ED900FEA703 /* Setting.storyboard in Resources */ = {isa = PBXBuildFile; fileRef = EC089BF420575ED900FEA703 /* Setting.storyboard */; };
		EC089BF9205761AA00FEA703 /* Apply.storyboard in Resources */ = {isa = PBXBuildFile; fileRef = EC089BF8205761AA00FEA703 /* Apply.storyboard */; };
		EC0929AF2056724C00ED7421 /* Networking.swift in Sources */ = {isa = PBXBuildFile; fileRef = EC0929AE2056724C00ED7421 /* Networking.swift */; };
		EC3D99B52057DD5B009B9669 /* User+CoreDataClass.swift in Sources */ = {isa = PBXBuildFile; fileRef = EC3D99B32057DD5B009B9669 /* User+CoreDataClass.swift */; };
		EC3D99B62057DD5B009B9669 /* User+CoreDataProperties.swift in Sources */ = {isa = PBXBuildFile; fileRef = EC3D99B42057DD5B009B9669 /* User+CoreDataProperties.swift */; };
		EC4B94792057B86500D67B52 /* Serve.storyboard in Resources */ = {isa = PBXBuildFile; fileRef = EC4B94782057B86500D67B52 /* Serve.storyboard */; };
		EC4B947C2057B93A00D67B52 /* Recruit.storyboard in Resources */ = {isa = PBXBuildFile; fileRef = EC4B947B2057B93A00D67B52 /* Recruit.storyboard */; };
		EC4B947E2057BC1F00D67B52 /* TCTabBarViewController.swift in Sources */ = {isa = PBXBuildFile; fileRef = EC4B947D2057BC1F00D67B52 /* TCTabBarViewController.swift */; };
		EC4B94822057BD0400D67B52 /* String+extension.swift in Sources */ = {isa = PBXBuildFile; fileRef = EC4B947F2057BD0300D67B52 /* String+extension.swift */; };
		EC4B94832057BD0400D67B52 /* UIColor+extension.swift in Sources */ = {isa = PBXBuildFile; fileRef = EC4B94802057BD0300D67B52 /* UIColor+extension.swift */; };
		EC4B94842057BD0400D67B52 /* StyleKit.swift in Sources */ = {isa = PBXBuildFile; fileRef = EC4B94812057BD0300D67B52 /* StyleKit.swift */; };
		EC4B94862057C37800D67B52 /* Home.storyboard in Resources */ = {isa = PBXBuildFile; fileRef = EC4B94852057C37800D67B52 /* Home.storyboard */; };
		ECDDCD4D205683A10019B7A5 /* ApplicationData.swift in Sources */ = {isa = PBXBuildFile; fileRef = ECDDCD4C205683A10019B7A5 /* ApplicationData.swift */; };
/* End PBXBuildFile section */

/* Begin PBXContainerItemProxy section */
		EC0374B5205660FE00FEE3B0 /* PBXContainerItemProxy */ = {
			isa = PBXContainerItemProxy;
			containerPortal = EC037495205660FE00FEE3B0 /* Project object */;
			proxyType = 1;
			remoteGlobalIDString = EC03749C205660FE00FEE3B0;
			remoteInfo = ZhiLieHui;
		};
		EC0374C0205660FE00FEE3B0 /* PBXContainerItemProxy */ = {
			isa = PBXContainerItemProxy;
			containerPortal = EC037495205660FE00FEE3B0 /* Project object */;
			proxyType = 1;
			remoteGlobalIDString = EC03749C205660FE00FEE3B0;
			remoteInfo = ZhiLieHui;
		};
/* End PBXContainerItemProxy section */

/* Begin PBXFileReference section */
		48986AD367CC80FF56889EE0 /* Pods-ZhiLieHui.debug.xcconfig */ = {isa = PBXFileReference; includeInIndex = 1; lastKnownFileType = text.xcconfig; name = "Pods-ZhiLieHui.debug.xcconfig"; path = "Pods/Target Support Files/Pods-ZhiLieHui/Pods-ZhiLieHui.debug.xcconfig"; sourceTree = "<group>"; };
		BBB9EEA8E206B5E16F6C309C /* Pods-ZhiLieHui.release.xcconfig */ = {isa = PBXFileReference; includeInIndex = 1; lastKnownFileType = text.xcconfig; name = "Pods-ZhiLieHui.release.xcconfig"; path = "Pods/Target Support Files/Pods-ZhiLieHui/Pods-ZhiLieHui.release.xcconfig"; sourceTree = "<group>"; };
		C9F0CA91FCDCF4660D72745A /* Pods_ZhiLieHui.framework */ = {isa = PBXFileReference; explicitFileType = wrapper.framework; includeInIndex = 0; path = Pods_ZhiLieHui.framework; sourceTree = BUILT_PRODUCTS_DIR; };
		EC03749D205660FE00FEE3B0 /* ZhiLieHui.app */ = {isa = PBXFileReference; explicitFileType = wrapper.application; includeInIndex = 0; path = ZhiLieHui.app; sourceTree = BUILT_PRODUCTS_DIR; };
		EC0374A0205660FE00FEE3B0 /* AppDelegate.swift */ = {isa = PBXFileReference; lastKnownFileType = sourcecode.swift; path = AppDelegate.swift; sourceTree = "<group>"; };
		EC0374A2205660FE00FEE3B0 /* ViewController.swift */ = {isa = PBXFileReference; lastKnownFileType = sourcecode.swift; path = ViewController.swift; sourceTree = "<group>"; };
		EC0374A5205660FE00FEE3B0 /* Base */ = {isa = PBXFileReference; lastKnownFileType = file.storyboard; name = Base; path = Base.lproj/Main.storyboard; sourceTree = "<group>"; };
		EC0374A8205660FE00FEE3B0 /* ZhiLieHui.xcdatamodel */ = {isa = PBXFileReference; lastKnownFileType = wrapper.xcdatamodel; path = ZhiLieHui.xcdatamodel; sourceTree = "<group>"; };
		EC0374AA205660FE00FEE3B0 /* Assets.xcassets */ = {isa = PBXFileReference; lastKnownFileType = folder.assetcatalog; path = Assets.xcassets; sourceTree = "<group>"; };
		EC0374AD205660FE00FEE3B0 /* Base */ = {isa = PBXFileReference; lastKnownFileType = file.storyboard; name = Base; path = Base.lproj/LaunchScreen.storyboard; sourceTree = "<group>"; };
		EC0374AF205660FE00FEE3B0 /* Info.plist */ = {isa = PBXFileReference; lastKnownFileType = text.plist.xml; path = Info.plist; sourceTree = "<group>"; };
		EC0374B4205660FE00FEE3B0 /* ZhiLieHuiTests.xctest */ = {isa = PBXFileReference; explicitFileType = wrapper.cfbundle; includeInIndex = 0; path = ZhiLieHuiTests.xctest; sourceTree = BUILT_PRODUCTS_DIR; };
		EC0374B8205660FE00FEE3B0 /* ZhiLieHuiTests.swift */ = {isa = PBXFileReference; lastKnownFileType = sourcecode.swift; path = ZhiLieHuiTests.swift; sourceTree = "<group>"; };
		EC0374BA205660FE00FEE3B0 /* Info.plist */ = {isa = PBXFileReference; lastKnownFileType = text.plist.xml; path = Info.plist; sourceTree = "<group>"; };
		EC0374BF205660FE00FEE3B0 /* ZhiLieHuiUITests.xctest */ = {isa = PBXFileReference; explicitFileType = wrapper.cfbundle; includeInIndex = 0; path = ZhiLieHuiUITests.xctest; sourceTree = BUILT_PRODUCTS_DIR; };
		EC0374C3205660FE00FEE3B0 /* ZhiLieHuiUITests.swift */ = {isa = PBXFileReference; lastKnownFileType = sourcecode.swift; path = ZhiLieHuiUITests.swift; sourceTree = "<group>"; };
		EC0374C5205660FE00FEE3B0 /* Info.plist */ = {isa = PBXFileReference; lastKnownFileType = text.plist.xml; path = Info.plist; sourceTree = "<group>"; };
		EC089BF220575E2000FEA703 /* Login.storyboard */ = {isa = PBXFileReference; lastKnownFileType = file.storyboard; path = Login.storyboard; sourceTree = "<group>"; };
		EC089BF420575ED900FEA703 /* Setting.storyboard */ = {isa = PBXFileReference; lastKnownFileType = file.storyboard; path = Setting.storyboard; sourceTree = "<group>"; };
		EC089BF8205761AA00FEA703 /* Apply.storyboard */ = {isa = PBXFileReference; lastKnownFileType = file.storyboard; path = Apply.storyboard; sourceTree = "<group>"; };
		EC0929AE2056724C00ED7421 /* Networking.swift */ = {isa = PBXFileReference; lastKnownFileType = sourcecode.swift; path = Networking.swift; sourceTree = "<group>"; };
		EC3D99B32057DD5B009B9669 /* User+CoreDataClass.swift */ = {isa = PBXFileReference; lastKnownFileType = sourcecode.swift; path = "User+CoreDataClass.swift"; sourceTree = "<group>"; };
		EC3D99B42057DD5B009B9669 /* User+CoreDataProperties.swift */ = {isa = PBXFileReference; lastKnownFileType = sourcecode.swift; path = "User+CoreDataProperties.swift"; sourceTree = "<group>"; };
		EC3D99B72057EB96009B9669 /* BridgeHeader.h */ = {isa = PBXFileReference; lastKnownFileType = sourcecode.c.h; path = BridgeHeader.h; sourceTree = "<group>"; };
		EC4B94782057B86500D67B52 /* Serve.storyboard */ = {isa = PBXFileReference; lastKnownFileType = file.storyboard; path = Serve.storyboard; sourceTree = "<group>"; };
		EC4B947B2057B93A00D67B52 /* Recruit.storyboard */ = {isa = PBXFileReference; lastKnownFileType = file.storyboard; path = Recruit.storyboard; sourceTree = "<group>"; };
		EC4B947D2057BC1F00D67B52 /* TCTabBarViewController.swift */ = {isa = PBXFileReference; lastKnownFileType = sourcecode.swift; path = TCTabBarViewController.swift; sourceTree = "<group>"; };
		EC4B947F2057BD0300D67B52 /* String+extension.swift */ = {isa = PBXFileReference; fileEncoding = 4; lastKnownFileType = sourcecode.swift; path = "String+extension.swift"; sourceTree = "<group>"; };
		EC4B94802057BD0300D67B52 /* UIColor+extension.swift */ = {isa = PBXFileReference; fileEncoding = 4; lastKnownFileType = sourcecode.swift; path = "UIColor+extension.swift"; sourceTree = "<group>"; };
		EC4B94812057BD0300D67B52 /* StyleKit.swift */ = {isa = PBXFileReference; fileEncoding = 4; lastKnownFileType = sourcecode.swift; path = StyleKit.swift; sourceTree = "<group>"; };
		EC4B94852057C37800D67B52 /* Home.storyboard */ = {isa = PBXFileReference; lastKnownFileType = file.storyboard; path = Home.storyboard; sourceTree = "<group>"; };
		ECDDCD4C205683A10019B7A5 /* ApplicationData.swift */ = {isa = PBXFileReference; lastKnownFileType = sourcecode.swift; path = ApplicationData.swift; sourceTree = "<group>"; };
/* End PBXFileReference section */

/* Begin PBXFrameworksBuildPhase section */
		EC03749A205660FE00FEE3B0 /* Frameworks */ = {
			isa = PBXFrameworksBuildPhase;
			buildActionMask = 2147483647;
			files = (
				0C8FADED0EAF03B91B49A346 /* Pods_ZhiLieHui.framework in Frameworks */,
			);
			runOnlyForDeploymentPostprocessing = 0;
		};
		EC0374B1205660FE00FEE3B0 /* Frameworks */ = {
			isa = PBXFrameworksBuildPhase;
			buildActionMask = 2147483647;
			files = (
			);
			runOnlyForDeploymentPostprocessing = 0;
		};
		EC0374BC205660FE00FEE3B0 /* Frameworks */ = {
			isa = PBXFrameworksBuildPhase;
			buildActionMask = 2147483647;
			files = (
			);
			runOnlyForDeploymentPostprocessing = 0;
		};
/* End PBXFrameworksBuildPhase section */

/* Begin PBXGroup section */
		110568537581DEF441AF821F /* Frameworks */ = {
			isa = PBXGroup;
			children = (
				C9F0CA91FCDCF4660D72745A /* Pods_ZhiLieHui.framework */,
			);
			name = Frameworks;
			sourceTree = "<group>";
		};
		28237532032E02131EDAD89F /* Pods */ = {
			isa = PBXGroup;
			children = (
				48986AD367CC80FF56889EE0 /* Pods-ZhiLieHui.debug.xcconfig */,
				BBB9EEA8E206B5E16F6C309C /* Pods-ZhiLieHui.release.xcconfig */,
			);
			name = Pods;
			sourceTree = "<group>";
		};
		EC037494205660FE00FEE3B0 = {
			isa = PBXGroup;
			children = (
				EC03749F205660FE00FEE3B0 /* ZhiLieHui */,
				EC0374B7205660FE00FEE3B0 /* ZhiLieHuiTests */,
				EC0374C2205660FE00FEE3B0 /* ZhiLieHuiUITests */,
				EC03749E205660FE00FEE3B0 /* Products */,
				28237532032E02131EDAD89F /* Pods */,
				110568537581DEF441AF821F /* Frameworks */,
			);
			sourceTree = "<group>";
		};
		EC03749E205660FE00FEE3B0 /* Products */ = {
			isa = PBXGroup;
			children = (
				EC03749D205660FE00FEE3B0 /* ZhiLieHui.app */,
				EC0374B4205660FE00FEE3B0 /* ZhiLieHuiTests.xctest */,
				EC0374BF205660FE00FEE3B0 /* ZhiLieHuiUITests.xctest */,
			);
			name = Products;
			sourceTree = "<group>";
		};
		EC03749F205660FE00FEE3B0 /* ZhiLieHui */ = {
			isa = PBXGroup;
			children = (
				EC0929AA20566ED600ED7421 /* Modules */,
				EC0929AD20566FC100ED7421 /* DataModle */,
				EC0929AC20566FA800ED7421 /* Networking */,
				EC0929AB20566EEA00ED7421 /* CommonUI */,
				EC0374A0205660FE00FEE3B0 /* AppDelegate.swift */,
				EC0374A2205660FE00FEE3B0 /* ViewController.swift */,
				EC0374A4205660FE00FEE3B0 /* Main.storyboard */,
				EC0374AA205660FE00FEE3B0 /* Assets.xcassets */,
				EC0374AC205660FE00FEE3B0 /* LaunchScreen.storyboard */,
				EC0374AF205660FE00FEE3B0 /* Info.plist */,
				EC0374A7205660FE00FEE3B0 /* ZhiLieHui.xcdatamodeld */,
			);
			path = ZhiLieHui;
			sourceTree = "<group>";
		};
		EC0374B7205660FE00FEE3B0 /* ZhiLieHuiTests */ = {
			isa = PBXGroup;
			children = (
				EC0374B8205660FE00FEE3B0 /* ZhiLieHuiTests.swift */,
				EC0374BA205660FE00FEE3B0 /* Info.plist */,
			);
			path = ZhiLieHuiTests;
			sourceTree = "<group>";
		};
		EC0374C2205660FE00FEE3B0 /* ZhiLieHuiUITests */ = {
			isa = PBXGroup;
			children = (
				EC0374C3205660FE00FEE3B0 /* ZhiLieHuiUITests.swift */,
				EC0374C5205660FE00FEE3B0 /* Info.plist */,
			);
			path = ZhiLieHuiUITests;
			sourceTree = "<group>";
		};
		EC0929AA20566ED600ED7421 /* Modules */ = {
			isa = PBXGroup;
			children = (
				ECDDCD4F2056A8B50019B7A5 /* Home */,
				EC4B947A2057B92100D67B52 /* Recruit */,
				EC4B94772057B84400D67B52 /* Serve */,
				ECDDCD512056A8D90019B7A5 /* Apply */,
				ECDDCD502056A8C20019B7A5 /* Setting */,
				ECDDCD4E2056A8A80019B7A5 /* Login */,
			);
			path = Modules;
			sourceTree = "<group>";
		};
		EC0929AB20566EEA00ED7421 /* CommonUI */ = {
			isa = PBXGroup;
			children = (
				EC4B947D2057BC1F00D67B52 /* TCTabBarViewController.swift */,
				EC4B947F2057BD0300D67B52 /* String+extension.swift */,
				EC4B94812057BD0300D67B52 /* StyleKit.swift */,
				EC4B94802057BD0300D67B52 /* UIColor+extension.swift */,
				EC3D99B72057EB96009B9669 /* BridgeHeader.h */,
			);
			path = CommonUI;
			sourceTree = "<group>";
		};
		EC0929AC20566FA800ED7421 /* Networking */ = {
			isa = PBXGroup;
			children = (
				EC0929AE2056724C00ED7421 /* Networking.swift */,
			);
			path = Networking;
			sourceTree = "<group>";
		};
		EC0929AD20566FC100ED7421 /* DataModle */ = {
			isa = PBXGroup;
			children = (
				EC3D99B32057DD5B009B9669 /* User+CoreDataClass.swift */,
				EC3D99B42057DD5B009B9669 /* User+CoreDataProperties.swift */,
				ECDDCD4C205683A10019B7A5 /* ApplicationData.swift */,
			);
			path = DataModle;
			sourceTree = "<group>";
		};
		EC4B94772057B84400D67B52 /* Serve */ = {
			isa = PBXGroup;
			children = (
				EC4B94782057B86500D67B52 /* Serve.storyboard */,
			);
			path = Serve;
			sourceTree = "<group>";
		};
		EC4B947A2057B92100D67B52 /* Recruit */ = {
			isa = PBXGroup;
			children = (
				EC4B947B2057B93A00D67B52 /* Recruit.storyboard */,
			);
			path = Recruit;
			sourceTree = "<group>";
		};
		ECDDCD4E2056A8A80019B7A5 /* Login */ = {
			isa = PBXGroup;
			children = (
				EC089BF220575E2000FEA703 /* Login.storyboard */,
			);
			path = Login;
			sourceTree = "<group>";
		};
		ECDDCD4F2056A8B50019B7A5 /* Home */ = {
			isa = PBXGroup;
			children = (
				EC4B94852057C37800D67B52 /* Home.storyboard */,
			);
			path = Home;
			sourceTree = "<group>";
		};
		ECDDCD502056A8C20019B7A5 /* Setting */ = {
			isa = PBXGroup;
			children = (
				EC089BF420575ED900FEA703 /* Setting.storyboard */,
			);
			path = Setting;
			sourceTree = "<group>";
		};
		ECDDCD512056A8D90019B7A5 /* Apply */ = {
			isa = PBXGroup;
			children = (
				EC089BF8205761AA00FEA703 /* Apply.storyboard */,
			);
			path = Apply;
			sourceTree = "<group>";
		};
/* End PBXGroup section */

/* Begin PBXNativeTarget section */
		EC03749C205660FE00FEE3B0 /* ZhiLieHui */ = {
			isa = PBXNativeTarget;
			buildConfigurationList = EC0374C8205660FE00FEE3B0 /* Build configuration list for PBXNativeTarget "ZhiLieHui" */;
			buildPhases = (
				462213AC9C54FA1652391854 /* [CP] Check Pods Manifest.lock */,
				EC037499205660FE00FEE3B0 /* Sources */,
				EC03749A205660FE00FEE3B0 /* Frameworks */,
				EC03749B205660FE00FEE3B0 /* Resources */,
				694172D40DFE59E4A4317B8B /* [CP] Embed Pods Frameworks */,
				03C9F403BF2DF7B946E3FDA7 /* [CP] Copy Pods Resources */,
			);
			buildRules = (
			);
			dependencies = (
			);
			name = ZhiLieHui;
			productName = ZhiLieHui;
			productReference = EC03749D205660FE00FEE3B0 /* ZhiLieHui.app */;
			productType = "com.apple.product-type.application";
		};
		EC0374B3205660FE00FEE3B0 /* ZhiLieHuiTests */ = {
			isa = PBXNativeTarget;
			buildConfigurationList = EC0374CB205660FE00FEE3B0 /* Build configuration list for PBXNativeTarget "ZhiLieHuiTests" */;
			buildPhases = (
				EC0374B0205660FE00FEE3B0 /* Sources */,
				EC0374B1205660FE00FEE3B0 /* Frameworks */,
				EC0374B2205660FE00FEE3B0 /* Resources */,
			);
			buildRules = (
			);
			dependencies = (
				EC0374B6205660FE00FEE3B0 /* PBXTargetDependency */,
			);
			name = ZhiLieHuiTests;
			productName = ZhiLieHuiTests;
			productReference = EC0374B4205660FE00FEE3B0 /* ZhiLieHuiTests.xctest */;
			productType = "com.apple.product-type.bundle.unit-test";
		};
		EC0374BE205660FE00FEE3B0 /* ZhiLieHuiUITests */ = {
			isa = PBXNativeTarget;
			buildConfigurationList = EC0374CE205660FE00FEE3B0 /* Build configuration list for PBXNativeTarget "ZhiLieHuiUITests" */;
			buildPhases = (
				EC0374BB205660FE00FEE3B0 /* Sources */,
				EC0374BC205660FE00FEE3B0 /* Frameworks */,
				EC0374BD205660FE00FEE3B0 /* Resources */,
			);
			buildRules = (
			);
			dependencies = (
				EC0374C1205660FE00FEE3B0 /* PBXTargetDependency */,
			);
			name = ZhiLieHuiUITests;
			productName = ZhiLieHuiUITests;
			productReference = EC0374BF205660FE00FEE3B0 /* ZhiLieHuiUITests.xctest */;
			productType = "com.apple.product-type.bundle.ui-testing";
		};
/* End PBXNativeTarget section */

/* Begin PBXProject section */
		EC037495205660FE00FEE3B0 /* Project object */ = {
			isa = PBXProject;
			attributes = {
				LastSwiftUpdateCheck = 0900;
				LastUpgradeCheck = 0900;
				ORGANIZATIONNAME = ZhiLieHui;
				TargetAttributes = {
					EC03749C205660FE00FEE3B0 = {
						CreatedOnToolsVersion = 9.0;
						ProvisioningStyle = Automatic;
					};
					EC0374B3205660FE00FEE3B0 = {
						CreatedOnToolsVersion = 9.0;
						ProvisioningStyle = Automatic;
						TestTargetID = EC03749C205660FE00FEE3B0;
					};
					EC0374BE205660FE00FEE3B0 = {
						CreatedOnToolsVersion = 9.0;
						ProvisioningStyle = Automatic;
						TestTargetID = EC03749C205660FE00FEE3B0;
					};
				};
			};
			buildConfigurationList = EC037498205660FE00FEE3B0 /* Build configuration list for PBXProject "ZhiLieHui" */;
			compatibilityVersion = "Xcode 8.0";
			developmentRegion = en;
			hasScannedForEncodings = 0;
			knownRegions = (
				en,
				Base,
			);
			mainGroup = EC037494205660FE00FEE3B0;
			productRefGroup = EC03749E205660FE00FEE3B0 /* Products */;
			projectDirPath = "";
			projectRoot = "";
			targets = (
				EC03749C205660FE00FEE3B0 /* ZhiLieHui */,
				EC0374B3205660FE00FEE3B0 /* ZhiLieHuiTests */,
				EC0374BE205660FE00FEE3B0 /* ZhiLieHuiUITests */,
			);
		};
/* End PBXProject section */

/* Begin PBXResourcesBuildPhase section */
		EC03749B205660FE00FEE3B0 /* Resources */ = {
			isa = PBXResourcesBuildPhase;
			buildActionMask = 2147483647;
			files = (
				EC089BF320575E2000FEA703 /* Login.storyboard in Resources */,
				EC0374AE205660FE00FEE3B0 /* LaunchScreen.storyboard in Resources */,
				EC089BF520575ED900FEA703 /* Setting.storyboard in Resources */,
				EC4B94862057C37800D67B52 /* Home.storyboard in Resources */,
				EC4B94792057B86500D67B52 /* Serve.storyboard in Resources */,
				EC4B947C2057B93A00D67B52 /* Recruit.storyboard in Resources */,
				EC0374AB205660FE00FEE3B0 /* Assets.xcassets in Resources */,
				EC0374A6205660FE00FEE3B0 /* Main.storyboard in Resources */,
				EC089BF9205761AA00FEA703 /* Apply.storyboard in Resources */,
			);
			runOnlyForDeploymentPostprocessing = 0;
		};
		EC0374B2205660FE00FEE3B0 /* Resources */ = {
			isa = PBXResourcesBuildPhase;
			buildActionMask = 2147483647;
			files = (
			);
			runOnlyForDeploymentPostprocessing = 0;
		};
		EC0374BD205660FE00FEE3B0 /* Resources */ = {
			isa = PBXResourcesBuildPhase;
			buildActionMask = 2147483647;
			files = (
			);
			runOnlyForDeploymentPostprocessing = 0;
		};
/* End PBXResourcesBuildPhase section */

/* Begin PBXShellScriptBuildPhase section */
		03C9F403BF2DF7B946E3FDA7 /* [CP] Copy Pods Resources */ = {
			isa = PBXShellScriptBuildPhase;
			buildActionMask = 2147483647;
			files = (
			);
			inputPaths = (
			);
			name = "[CP] Copy Pods Resources";
			outputPaths = (
			);
			runOnlyForDeploymentPostprocessing = 0;
			shellPath = /bin/sh;
			shellScript = "\"${SRCROOT}/Pods/Target Support Files/Pods-ZhiLieHui/Pods-ZhiLieHui-resources.sh\"\n";
			showEnvVarsInLog = 0;
		};
		462213AC9C54FA1652391854 /* [CP] Check Pods Manifest.lock */ = {
			isa = PBXShellScriptBuildPhase;
			buildActionMask = 2147483647;
			files = (
			);
			inputPaths = (
				"${PODS_PODFILE_DIR_PATH}/Podfile.lock",
				"${PODS_ROOT}/Manifest.lock",
			);
			name = "[CP] Check Pods Manifest.lock";
			outputPaths = (
				"$(DERIVED_FILE_DIR)/Pods-ZhiLieHui-checkManifestLockResult.txt",
			);
			runOnlyForDeploymentPostprocessing = 0;
			shellPath = /bin/sh;
			shellScript = "diff \"${PODS_PODFILE_DIR_PATH}/Podfile.lock\" \"${PODS_ROOT}/Manifest.lock\" > /dev/null\nif [ $? != 0 ] ; then\n    # print error to STDERR\n    echo \"error: The sandbox is not in sync with the Podfile.lock. Run 'pod install' or update your CocoaPods installation.\" >&2\n    exit 1\nfi\n# This output is used by Xcode 'outputs' to avoid re-running this script phase.\necho \"SUCCESS\" > \"${SCRIPT_OUTPUT_FILE_0}\"\n";
			showEnvVarsInLog = 0;
		};
		694172D40DFE59E4A4317B8B /* [CP] Embed Pods Frameworks */ = {
			isa = PBXShellScriptBuildPhase;
			buildActionMask = 2147483647;
			files = (
			);
			inputPaths = (
				"${SRCROOT}/Pods/Target Support Files/Pods-ZhiLieHui/Pods-ZhiLieHui-frameworks.sh",
				"${BUILT_PRODUCTS_DIR}/Alamofire/Alamofire.framework",
				"${BUILT_PRODUCTS_DIR}/MJRefresh/MJRefresh.framework",
				"${BUILT_PRODUCTS_DIR}/Reachability/Reachability.framework",
				"${BUILT_PRODUCTS_DIR}/SDWebImage/SDWebImage.framework",
				"${BUILT_PRODUCTS_DIR}/SwiftyJSON/SwiftyJSON.framework",
			);
			name = "[CP] Embed Pods Frameworks";
			outputPaths = (
				"${TARGET_BUILD_DIR}/${FRAMEWORKS_FOLDER_PATH}/Alamofire.framework",
				"${TARGET_BUILD_DIR}/${FRAMEWORKS_FOLDER_PATH}/MJRefresh.framework",
				"${TARGET_BUILD_DIR}/${FRAMEWORKS_FOLDER_PATH}/Reachability.framework",
				"${TARGET_BUILD_DIR}/${FRAMEWORKS_FOLDER_PATH}/SDWebImage.framework",
				"${TARGET_BUILD_DIR}/${FRAMEWORKS_FOLDER_PATH}/SwiftyJSON.framework",
			);
			runOnlyForDeploymentPostprocessing = 0;
			shellPath = /bin/sh;
			shellScript = "\"${SRCROOT}/Pods/Target Support Files/Pods-ZhiLieHui/Pods-ZhiLieHui-frameworks.sh\"\n";
			showEnvVarsInLog = 0;
		};
/* End PBXShellScriptBuildPhase section */

/* Begin PBXSourcesBuildPhase section */
		EC037499205660FE00FEE3B0 /* Sources */ = {
			isa = PBXSourcesBuildPhase;
			buildActionMask = 2147483647;
			files = (
				EC4B94842057BD0400D67B52 /* StyleKit.swift in Sources */,
				ECDDCD4D205683A10019B7A5 /* ApplicationData.swift in Sources */,
				EC4B947E2057BC1F00D67B52 /* TCTabBarViewController.swift in Sources */,
				EC0374A3205660FE00FEE3B0 /* ViewController.swift in Sources */,
				EC3D99B52057DD5B009B9669 /* User+CoreDataClass.swift in Sources */,
				EC0374A1205660FE00FEE3B0 /* AppDelegate.swift in Sources */,
				EC0374A9205660FE00FEE3B0 /* ZhiLieHui.xcdatamodeld in Sources */,
				EC3D99B62057DD5B009B9669 /* User+CoreDataProperties.swift in Sources */,
				EC4B94822057BD0400D67B52 /* String+extension.swift in Sources */,
				EC0929AF2056724C00ED7421 /* Networking.swift in Sources */,
				EC4B94832057BD0400D67B52 /* UIColor+extension.swift in Sources */,
			);
			runOnlyForDeploymentPostprocessing = 0;
		};
		EC0374B0205660FE00FEE3B0 /* Sources */ = {
			isa = PBXSourcesBuildPhase;
			buildActionMask = 2147483647;
			files = (
				EC0374B9205660FE00FEE3B0 /* ZhiLieHuiTests.swift in Sources */,
			);
			runOnlyForDeploymentPostprocessing = 0;
		};
		EC0374BB205660FE00FEE3B0 /* Sources */ = {
			isa = PBXSourcesBuildPhase;
			buildActionMask = 2147483647;
			files = (
				EC0374C4205660FE00FEE3B0 /* ZhiLieHuiUITests.swift in Sources */,
			);
			runOnlyForDeploymentPostprocessing = 0;
		};
/* End PBXSourcesBuildPhase section */

/* Begin PBXTargetDependency section */
		EC0374B6205660FE00FEE3B0 /* PBXTargetDependency */ = {
			isa = PBXTargetDependency;
			target = EC03749C205660FE00FEE3B0 /* ZhiLieHui */;
			targetProxy = EC0374B5205660FE00FEE3B0 /* PBXContainerItemProxy */;
		};
		EC0374C1205660FE00FEE3B0 /* PBXTargetDependency */ = {
			isa = PBXTargetDependency;
			target = EC03749C205660FE00FEE3B0 /* ZhiLieHui */;
			targetProxy = EC0374C0205660FE00FEE3B0 /* PBXContainerItemProxy */;
		};
/* End PBXTargetDependency section */

/* Begin PBXVariantGroup section */
		EC0374A4205660FE00FEE3B0 /* Main.storyboard */ = {
			isa = PBXVariantGroup;
			children = (
				EC0374A5205660FE00FEE3B0 /* Base */,
			);
			name = Main.storyboard;
			sourceTree = "<group>";
		};
		EC0374AC205660FE00FEE3B0 /* LaunchScreen.storyboard */ = {
			isa = PBXVariantGroup;
			children = (
				EC0374AD205660FE00FEE3B0 /* Base */,
			);
			name = LaunchScreen.storyboard;
			sourceTree = "<group>";
		};
/* End PBXVariantGroup section */

/* Begin XCBuildConfiguration section */
		EC0374C6205660FE00FEE3B0 /* Debug */ = {
			isa = XCBuildConfiguration;
			buildSettings = {
				ALWAYS_SEARCH_USER_PATHS = NO;
				CLANG_ANALYZER_NONNULL = YES;
				CLANG_ANALYZER_NUMBER_OBJECT_CONVERSION = YES_AGGRESSIVE;
				CLANG_CXX_LANGUAGE_STANDARD = "gnu++14";
				CLANG_CXX_LIBRARY = "libc++";
				CLANG_ENABLE_MODULES = YES;
				CLANG_ENABLE_OBJC_ARC = YES;
				CLANG_WARN_BLOCK_CAPTURE_AUTORELEASING = YES;
				CLANG_WARN_BOOL_CONVERSION = YES;
				CLANG_WARN_COMMA = YES;
				CLANG_WARN_CONSTANT_CONVERSION = YES;
				CLANG_WARN_DIRECT_OBJC_ISA_USAGE = YES_ERROR;
				CLANG_WARN_DOCUMENTATION_COMMENTS = YES;
				CLANG_WARN_EMPTY_BODY = YES;
				CLANG_WARN_ENUM_CONVERSION = YES;
				CLANG_WARN_INFINITE_RECURSION = YES;
				CLANG_WARN_INT_CONVERSION = YES;
				CLANG_WARN_NON_LITERAL_NULL_CONVERSION = YES;
				CLANG_WARN_OBJC_LITERAL_CONVERSION = YES;
				CLANG_WARN_OBJC_ROOT_CLASS = YES_ERROR;
				CLANG_WARN_RANGE_LOOP_ANALYSIS = YES;
				CLANG_WARN_STRICT_PROTOTYPES = YES;
				CLANG_WARN_SUSPICIOUS_MOVE = YES;
				CLANG_WARN_UNGUARDED_AVAILABILITY = YES_AGGRESSIVE;
				CLANG_WARN_UNREACHABLE_CODE = YES;
				CLANG_WARN__DUPLICATE_METHOD_MATCH = YES;
				CODE_SIGN_IDENTITY = "iPhone Developer";
				COPY_PHASE_STRIP = NO;
				DEBUG_INFORMATION_FORMAT = dwarf;
				ENABLE_STRICT_OBJC_MSGSEND = YES;
				ENABLE_TESTABILITY = YES;
				GCC_C_LANGUAGE_STANDARD = gnu11;
				GCC_DYNAMIC_NO_PIC = NO;
				GCC_NO_COMMON_BLOCKS = YES;
				GCC_OPTIMIZATION_LEVEL = 0;
				GCC_PREPROCESSOR_DEFINITIONS = (
					"DEBUG=1",
					"$(inherited)",
				);
				GCC_WARN_64_TO_32_BIT_CONVERSION = YES;
				GCC_WARN_ABOUT_RETURN_TYPE = YES_ERROR;
				GCC_WARN_UNDECLARED_SELECTOR = YES;
				GCC_WARN_UNINITIALIZED_AUTOS = YES_AGGRESSIVE;
				GCC_WARN_UNUSED_FUNCTION = YES;
				GCC_WARN_UNUSED_VARIABLE = YES;
				IPHONEOS_DEPLOYMENT_TARGET = 11.0;
				MTL_ENABLE_DEBUG_INFO = YES;
				ONLY_ACTIVE_ARCH = YES;
				SDKROOT = iphoneos;
				SWIFT_ACTIVE_COMPILATION_CONDITIONS = DEBUG;
				SWIFT_OPTIMIZATION_LEVEL = "-Onone";
			};
			name = Debug;
		};
		EC0374C7205660FE00FEE3B0 /* Release */ = {
			isa = XCBuildConfiguration;
			buildSettings = {
				ALWAYS_SEARCH_USER_PATHS = NO;
				CLANG_ANALYZER_NONNULL = YES;
				CLANG_ANALYZER_NUMBER_OBJECT_CONVERSION = YES_AGGRESSIVE;
				CLANG_CXX_LANGUAGE_STANDARD = "gnu++14";
				CLANG_CXX_LIBRARY = "libc++";
				CLANG_ENABLE_MODULES = YES;
				CLANG_ENABLE_OBJC_ARC = YES;
				CLANG_WARN_BLOCK_CAPTURE_AUTORELEASING = YES;
				CLANG_WARN_BOOL_CONVERSION = YES;
				CLANG_WARN_COMMA = YES;
				CLANG_WARN_CONSTANT_CONVERSION = YES;
				CLANG_WARN_DIRECT_OBJC_ISA_USAGE = YES_ERROR;
				CLANG_WARN_DOCUMENTATION_COMMENTS = YES;
				CLANG_WARN_EMPTY_BODY = YES;
				CLANG_WARN_ENUM_CONVERSION = YES;
				CLANG_WARN_INFINITE_RECURSION = YES;
				CLANG_WARN_INT_CONVERSION = YES;
				CLANG_WARN_NON_LITERAL_NULL_CONVERSION = YES;
				CLANG_WARN_OBJC_LITERAL_CONVERSION = YES;
				CLANG_WARN_OBJC_ROOT_CLASS = YES_ERROR;
				CLANG_WARN_RANGE_LOOP_ANALYSIS = YES;
				CLANG_WARN_STRICT_PROTOTYPES = YES;
				CLANG_WARN_SUSPICIOUS_MOVE = YES;
				CLANG_WARN_UNGUARDED_AVAILABILITY = YES_AGGRESSIVE;
				CLANG_WARN_UNREACHABLE_CODE = YES;
				CLANG_WARN__DUPLICATE_METHOD_MATCH = YES;
				CODE_SIGN_IDENTITY = "iPhone Developer";
				COPY_PHASE_STRIP = NO;
				DEBUG_INFORMATION_FORMAT = "dwarf-with-dsym";
				ENABLE_NS_ASSERTIONS = NO;
				ENABLE_STRICT_OBJC_MSGSEND = YES;
				GCC_C_LANGUAGE_STANDARD = gnu11;
				GCC_NO_COMMON_BLOCKS = YES;
				GCC_WARN_64_TO_32_BIT_CONVERSION = YES;
				GCC_WARN_ABOUT_RETURN_TYPE = YES_ERROR;
				GCC_WARN_UNDECLARED_SELECTOR = YES;
				GCC_WARN_UNINITIALIZED_AUTOS = YES_AGGRESSIVE;
				GCC_WARN_UNUSED_FUNCTION = YES;
				GCC_WARN_UNUSED_VARIABLE = YES;
				IPHONEOS_DEPLOYMENT_TARGET = 11.0;
				MTL_ENABLE_DEBUG_INFO = NO;
				SDKROOT = iphoneos;
				SWIFT_OPTIMIZATION_LEVEL = "-Owholemodule";
				VALIDATE_PRODUCT = YES;
			};
			name = Release;
		};
		EC0374C9205660FE00FEE3B0 /* Debug */ = {
			isa = XCBuildConfiguration;
			baseConfigurationReference = 48986AD367CC80FF56889EE0 /* Pods-ZhiLieHui.debug.xcconfig */;
			buildSettings = {
				ASSETCATALOG_COMPILER_APPICON_NAME = AppIcon;
				CODE_SIGN_STYLE = Automatic;
				DEVELOPMENT_TEAM = N9RXCW4XGG;
				INFOPLIST_FILE = ZhiLieHui/Info.plist;
				LD_RUNPATH_SEARCH_PATHS = "$(inherited) @executable_path/Frameworks";
				PRODUCT_BUNDLE_IDENTIFIER = com.zhiliehui.ZhiLieHui;
				PRODUCT_NAME = "$(TARGET_NAME)";
				SWIFT_OBJC_BRIDGING_HEADER = "$(SRCROOT)/ZhiLieHui/CommonUI/BridgeHeader.h";
				SWIFT_VERSION = 4.0;
				TARGETED_DEVICE_FAMILY = "1,2";
			};
			name = Debug;
		};
		EC0374CA205660FE00FEE3B0 /* Release */ = {
			isa = XCBuildConfiguration;
			baseConfigurationReference = BBB9EEA8E206B5E16F6C309C /* Pods-ZhiLieHui.release.xcconfig */;
			buildSettings = {
				ASSETCATALOG_COMPILER_APPICON_NAME = AppIcon;
				CODE_SIGN_STYLE = Automatic;
				DEVELOPMENT_TEAM = N9RXCW4XGG;
				INFOPLIST_FILE = ZhiLieHui/Info.plist;
				LD_RUNPATH_SEARCH_PATHS = "$(inherited) @executable_path/Frameworks";
				PRODUCT_BUNDLE_IDENTIFIER = com.zhiliehui.ZhiLieHui;
				PRODUCT_NAME = "$(TARGET_NAME)";
				SWIFT_OBJC_BRIDGING_HEADER = "$(SRCROOT)/ZhiLieHui/CommonUI/BridgeHeader.h";
				SWIFT_VERSION = 4.0;
				TARGETED_DEVICE_FAMILY = "1,2";
			};
			name = Release;
		};
		EC0374CC205660FE00FEE3B0 /* Debug */ = {
			isa = XCBuildConfiguration;
			buildSettings = {
				ALWAYS_EMBED_SWIFT_STANDARD_LIBRARIES = YES;
				BUNDLE_LOADER = "$(TEST_HOST)";
				CODE_SIGN_STYLE = Automatic;
				DEVELOPMENT_TEAM = N9RXCW4XGG;
				INFOPLIST_FILE = ZhiLieHuiTests/Info.plist;
				LD_RUNPATH_SEARCH_PATHS = "$(inherited) @executable_path/Frameworks @loader_path/Frameworks";
				PRODUCT_BUNDLE_IDENTIFIER = com.zhiliehui.ZhiLieHuiTests;
				PRODUCT_NAME = "$(TARGET_NAME)";
				SWIFT_VERSION = 4.0;
				TARGETED_DEVICE_FAMILY = "1,2";
				TEST_HOST = "$(BUILT_PRODUCTS_DIR)/ZhiLieHui.app/ZhiLieHui";
			};
			name = Debug;
		};
		EC0374CD205660FE00FEE3B0 /* Release */ = {
			isa = XCBuildConfiguration;
			buildSettings = {
				ALWAYS_EMBED_SWIFT_STANDARD_LIBRARIES = YES;
				BUNDLE_LOADER = "$(TEST_HOST)";
				CODE_SIGN_STYLE = Automatic;
				DEVELOPMENT_TEAM = N9RXCW4XGG;
				INFOPLIST_FILE = ZhiLieHuiTests/Info.plist;
				LD_RUNPATH_SEARCH_PATHS = "$(inherited) @executable_path/Frameworks @loader_path/Frameworks";
				PRODUCT_BUNDLE_IDENTIFIER = com.zhiliehui.ZhiLieHuiTests;
				PRODUCT_NAME = "$(TARGET_NAME)";
				SWIFT_VERSION = 4.0;
				TARGETED_DEVICE_FAMILY = "1,2";
				TEST_HOST = "$(BUILT_PRODUCTS_DIR)/ZhiLieHui.app/ZhiLieHui";
			};
			name = Release;
		};
		EC0374CF205660FE00FEE3B0 /* Debug */ = {
			isa = XCBuildConfiguration;
			buildSettings = {
				ALWAYS_EMBED_SWIFT_STANDARD_LIBRARIES = YES;
				CODE_SIGN_STYLE = Automatic;
				DEVELOPMENT_TEAM = N9RXCW4XGG;
				INFOPLIST_FILE = ZhiLieHuiUITests/Info.plist;
				LD_RUNPATH_SEARCH_PATHS = "$(inherited) @executable_path/Frameworks @loader_path/Frameworks";
				PRODUCT_BUNDLE_IDENTIFIER = com.zhiliehui.ZhiLieHuiUITests;
				PRODUCT_NAME = "$(TARGET_NAME)";
				SWIFT_VERSION = 4.0;
				TARGETED_DEVICE_FAMILY = "1,2";
				TEST_TARGET_NAME = ZhiLieHui;
			};
			name = Debug;
		};
		EC0374D0205660FE00FEE3B0 /* Release */ = {
			isa = XCBuildConfiguration;
			buildSettings = {
				ALWAYS_EMBED_SWIFT_STANDARD_LIBRARIES = YES;
				CODE_SIGN_STYLE = Automatic;
				DEVELOPMENT_TEAM = N9RXCW4XGG;
				INFOPLIST_FILE = ZhiLieHuiUITests/Info.plist;
				LD_RUNPATH_SEARCH_PATHS = "$(inherited) @executable_path/Frameworks @loader_path/Frameworks";
				PRODUCT_BUNDLE_IDENTIFIER = com.zhiliehui.ZhiLieHuiUITests;
				PRODUCT_NAME = "$(TARGET_NAME)";
				SWIFT_VERSION = 4.0;
				TARGETED_DEVICE_FAMILY = "1,2";
				TEST_TARGET_NAME = ZhiLieHui;
			};
			name = Release;
		};
/* End XCBuildConfiguration section */

/* Begin XCConfigurationList section */
		EC037498205660FE00FEE3B0 /* Build configuration list for PBXProject "ZhiLieHui" */ = {
			isa = XCConfigurationList;
			buildConfigurations = (
				EC0374C6205660FE00FEE3B0 /* Debug */,
				EC0374C7205660FE00FEE3B0 /* Release */,
			);
			defaultConfigurationIsVisible = 0;
			defaultConfigurationName = Release;
		};
		EC0374C8205660FE00FEE3B0 /* Build configuration list for PBXNativeTarget "ZhiLieHui" */ = {
			isa = XCConfigurationList;
			buildConfigurations = (
				EC0374C9205660FE00FEE3B0 /* Debug */,
				EC0374CA205660FE00FEE3B0 /* Release */,
			);
			defaultConfigurationIsVisible = 0;
			defaultConfigurationName = Release;
		};
		EC0374CB205660FE00FEE3B0 /* Build configuration list for PBXNativeTarget "ZhiLieHuiTests" */ = {
			isa = XCConfigurationList;
			buildConfigurations = (
				EC0374CC205660FE00FEE3B0 /* Debug */,
				EC0374CD205660FE00FEE3B0 /* Release */,
			);
			defaultConfigurationIsVisible = 0;
			defaultConfigurationName = Release;
		};
		EC0374CE205660FE00FEE3B0 /* Build configuration list for PBXNativeTarget "ZhiLieHuiUITests" */ = {
			isa = XCConfigurationList;
			buildConfigurations = (
				EC0374CF205660FE00FEE3B0 /* Debug */,
				EC0374D0205660FE00FEE3B0 /* Release */,
			);
			defaultConfigurationIsVisible = 0;
			defaultConfigurationName = Release;
		};
/* End XCConfigurationList section */

/* Begin XCVersionGroup section */
		EC0374A7205660FE00FEE3B0 /* ZhiLieHui.xcdatamodeld */ = {
			isa = XCVersionGroup;
			children = (
				EC0374A8205660FE00FEE3B0 /* ZhiLieHui.xcdatamodel */,
			);
			currentVersion = EC0374A8205660FE00FEE3B0 /* ZhiLieHui.xcdatamodel */;
			path = ZhiLieHui.xcdatamodeld;
			sourceTree = "<group>";
			versionGroupType = wrapper.xcdatamodel;
		};
/* End XCVersionGroup section */
	};
	rootObject = EC037495205660FE00FEE3B0 /* Project object */;
}
